
Microsoft Visual Studio Solution File, Format Version 12.00
# Visual Studio Version 16
VisualStudioVersion = 16.0.31321.278
MinimumVisualStudioVersion = 10.0.40219.1
Project("{FAE04EC0-301F-11D3-BF4B-00C04F79EFBC}") = "ms", "ms\ms.csproj", "{FA7FDD27-0BFE-45B5-81CD-5755D3E1F9CE}"
EndProject
Global
	GlobalSection(SolutionConfigurationPlatforms) = preSolution
		Debug|Any CPU = Debug|Any CPU
		Release|Any CPU = Release|Any CPU
	EndGlobalSection
	GlobalSection(ProjectConfigurationPlatforms) = postSolution
		{FA7FDD27-0BFE-45B5-81CD-5755D3E1F9CE}.Debug|Any CPU.ActiveCfg = Debug|Any CPU
		{FA7FDD27-0BFE-45B5-81CD-5755D3E1F9CE}.Debug|Any CPU.Build.0 = Debug|Any CPU
		{FA7FDD27-0BFE-45B5-81CD-5755D3E1F9CE}.Release|Any CPU.ActiveCfg = Release|Any CPU
		{FA7FDD27-0BFE-45B5-81CD-5755D3E1F9CE}.Release|Any CPU.Build.0 = Release|Any CPU
	EndGlobalSection
	GlobalSection(SolutionProperties) = preSolution
		HideSolutionNode = FALSE
	EndGlobalSection
	GlobalSection(ExtensibilityGlobals) = postSolution
		SolutionGuid = {CC1A6693-7D10-4EFF-9E13-5C175FDDA91B}
	EndGlobalSection
EndGlobal
